
Microsoft Visual Studio Solution File, Format Version 12.00
# Visual Studio Version 16
VisualStudioVersion = 16.0.31205.134
MinimumVisualStudioVersion = 10.0.40219.1
Project("{FAE04EC0-301F-11D3-BF4B-00C04F79EFBC}") = "API.Customer.Data", "API.Customer.Data\API.Customer.Data.csproj", "{4903C98B-4452-4EB3-B251-2DB6C934BC89}"
EndProject
Project("{9A19103F-16F7-4668-BE54-9A1E7A4F7556}") = "API.Customer.Web", "API.Customer.Web\API.Customer.Web.csproj", "{938306EE-F4A1-4DE2-A3DE-390FF5E4F86F}"
EndProject
Project("{FAE04EC0-301F-11D3-BF4B-00C04F79EFBC}") = "API.Customer.Business", "API.Customer.Business\API.Customer.Business.csproj", "{0D61B4B6-56FD-4D4F-9975-2418B23EF379}"
EndProject
Global
	GlobalSection(SolutionConfigurationPlatforms) = preSolution
		Debug|Any CPU = Debug|Any CPU
		Release|Any CPU = Release|Any CPU
	EndGlobalSection
	GlobalSection(ProjectConfigurationPlatforms) = postSolution
		{4903C98B-4452-4EB3-B251-2DB6C934BC89}.Debug|Any CPU.ActiveCfg = Debug|Any CPU
		{4903C98B-4452-4EB3-B251-2DB6C934BC89}.Debug|Any CPU.Build.0 = Debug|Any CPU
		{4903C98B-4452-4EB3-B251-2DB6C934BC89}.Release|Any CPU.ActiveCfg = Release|Any CPU
		{4903C98B-4452-4EB3-B251-2DB6C934BC89}.Release|Any CPU.Build.0 = Release|Any CPU
		{938306EE-F4A1-4DE2-A3DE-390FF5E4F86F}.Debug|Any CPU.ActiveCfg = Debug|Any CPU
		{938306EE-F4A1-4DE2-A3DE-390FF5E4F86F}.Debug|Any CPU.Build.0 = Debug|Any CPU
		{938306EE-F4A1-4DE2-A3DE-390FF5E4F86F}.Release|Any CPU.ActiveCfg = Release|Any CPU
		{938306EE-F4A1-4DE2-A3DE-390FF5E4F86F}.Release|Any CPU.Build.0 = Release|Any CPU
		{0D61B4B6-56FD-4D4F-9975-2418B23EF379}.Debug|Any CPU.ActiveCfg = Debug|Any CPU
		{0D61B4B6-56FD-4D4F-9975-2418B23EF379}.Debug|Any CPU.Build.0 = Debug|Any CPU
		{0D61B4B6-56FD-4D4F-9975-2418B23EF379}.Release|Any CPU.ActiveCfg = Release|Any CPU
		{0D61B4B6-56FD-4D4F-9975-2418B23EF379}.Release|Any CPU.Build.0 = Release|Any CPU
	EndGlobalSection
	GlobalSection(SolutionProperties) = preSolution
		HideSolutionNode = FALSE
	EndGlobalSection
	GlobalSection(ExtensibilityGlobals) = postSolution
		SolutionGuid = {BBD8E6BA-CE94-4C23-A6B9-D6C099DE7E57}
	EndGlobalSection
EndGlobal
